// !$*UTF8*$!
{
	archiveVersion = 1;
	classes = {
	};
	objectVersion = 56;
	objects = {

/* Begin PBXBuildFile section */
		043AE5B529DF897000D4F0D4 /* Cafetaria.swift in Sources */ = {isa = PBXBuildFile; fileRef = 043AE5B429DF897000D4F0D4 /* Cafetaria.swift */; };
		043AE5B729DF897900D4F0D4 /* Shop.swift in Sources */ = {isa = PBXBuildFile; fileRef = 043AE5B629DF897900D4F0D4 /* Shop.swift */; };
		043AE5B929DF898100D4F0D4 /* Cart.swift in Sources */ = {isa = PBXBuildFile; fileRef = 043AE5B829DF898100D4F0D4 /* Cart.swift */; };
		043AE5BB29DF898B00D4F0D4 /* Order.swift in Sources */ = {isa = PBXBuildFile; fileRef = 043AE5BA29DF898B00D4F0D4 /* Order.swift */; };
		045DD02D29AD9E7000801084 /* main.swift in Sources */ = {isa = PBXBuildFile; fileRef = 045DD02C29AD9E7000801084 /* main.swift */; };
/* End PBXBuildFile section */

/* Begin PBXCopyFilesBuildPhase section */
		045DD02729AD9E7000801084 /* CopyFiles */ = {
			isa = PBXCopyFilesBuildPhase;
			buildActionMask = 2147483647;
			dstPath = /usr/share/man/man1/;
			dstSubfolderSpec = 0;
			files = (
			);
			runOnlyForDeploymentPostprocessing = 1;
		};
/* End PBXCopyFilesBuildPhase section */

/* Begin PBXFileReference section */
		043AE5B429DF897000D4F0D4 /* Cafetaria.swift */ = {isa = PBXFileReference; lastKnownFileType = sourcecode.swift; path = Cafetaria.swift; sourceTree = "<group>"; };
		043AE5B629DF897900D4F0D4 /* Shop.swift */ = {isa = PBXFileReference; lastKnownFileType = sourcecode.swift; path = Shop.swift; sourceTree = "<group>"; };
		043AE5B829DF898100D4F0D4 /* Cart.swift */ = {isa = PBXFileReference; lastKnownFileType = sourcecode.swift; path = Cart.swift; sourceTree = "<group>"; };
		043AE5BA29DF898B00D4F0D4 /* Order.swift */ = {isa = PBXFileReference; lastKnownFileType = sourcecode.swift; path = Order.swift; sourceTree = "<group>"; };
		045DD02929AD9E7000801084 /* 0706012110057-Kathlyne-AFL1 */ = {isa = PBXFileReference; explicitFileType = "compiled.mach-o.executable"; includeInIndex = 0; path = "0706012110057-Kathlyne-AFL1"; sourceTree = BUILT_PRODUCTS_DIR; };
		045DD02C29AD9E7000801084 /* main.swift */ = {isa = PBXFileReference; lastKnownFileType = sourcecode.swift; path = main.swift; sourceTree = "<group>"; };
/* End PBXFileReference section */

/* Begin PBXFrameworksBuildPhase section */
		045DD02629AD9E7000801084 /* Frameworks */ = {
			isa = PBXFrameworksBuildPhase;
			buildActionMask = 2147483647;
			files = (
			);
			runOnlyForDeploymentPostprocessing = 0;
		};
/* End PBXFrameworksBuildPhase section */

/* Begin PBXGroup section */
		045DD02029AD9E7000801084 = {
			isa = PBXGroup;
			children = (
				045DD02B29AD9E7000801084 /* 0706012110057-Kathlyne-AFL1 */,
				045DD02A29AD9E7000801084 /* Products */,
			);
			sourceTree = "<group>";
		};
		045DD02A29AD9E7000801084 /* Products */ = {
			isa = PBXGroup;
			children = (
				045DD02929AD9E7000801084 /* 0706012110057-Kathlyne-AFL1 */,
			);
			name = Products;
			sourceTree = "<group>";
		};
		045DD02B29AD9E7000801084 /* 0706012110057-Kathlyne-AFL1 */ = {
			isa = PBXGroup;
			children = (
				045DD02C29AD9E7000801084 /* main.swift */,
				043AE5B429DF897000D4F0D4 /* Cafetaria.swift */,
				043AE5B629DF897900D4F0D4 /* Shop.swift */,
				043AE5B829DF898100D4F0D4 /* Cart.swift */,
				043AE5BA29DF898B00D4F0D4 /* Order.swift */,
			);
			path = "0706012110057-Kathlyne-AFL1";
			sourceTree = "<group>";
		};
/* End PBXGroup section */

/* Begin PBXNativeTarget section */
		045DD02829AD9E7000801084 /* 0706012110057-Kathlyne-AFL1 */ = {
			isa = PBXNativeTarget;
			buildConfigurationList = 045DD03029AD9E7000801084 /* Build configuration list for PBXNativeTarget "0706012110057-Kathlyne-AFL1" */;
			buildPhases = (
				045DD02529AD9E7000801084 /* Sources */,
				045DD02629AD9E7000801084 /* Frameworks */,
				045DD02729AD9E7000801084 /* CopyFiles */,
			);
			buildRules = (
			);
			dependencies = (
			);
			name = "0706012110057-Kathlyne-AFL1";
			productName = "0706012110057-Kathlyne-AFL1";
			productReference = 045DD02929AD9E7000801084 /* 0706012110057-Kathlyne-AFL1 */;
			productType = "com.apple.product-type.tool";
		};
/* End PBXNativeTarget section */

/* Begin PBXProject section */
		045DD02129AD9E7000801084 /* Project object */ = {
			isa = PBXProject;
			attributes = {
				BuildIndependentTargetsInParallel = 1;
				LastSwiftUpdateCheck = 1420;
				LastUpgradeCheck = 1420;
				TargetAttributes = {
					045DD02829AD9E7000801084 = {
						CreatedOnToolsVersion = 14.2;
					};
				};
			};
			buildConfigurationList = 045DD02429AD9E7000801084 /* Build configuration list for PBXProject "0706012110057-Kathlyne-AFL1" */;
			compatibilityVersion = "Xcode 14.0";
			developmentRegion = en;
			hasScannedForEncodings = 0;
			knownRegions = (
				en,
				Base,
			);
			mainGroup = 045DD02029AD9E7000801084;
			productRefGroup = 045DD02A29AD9E7000801084 /* Products */;
			projectDirPath = "";
			projectRoot = "";
			targets = (
				045DD02829AD9E7000801084 /* 0706012110057-Kathlyne-AFL1 */,
			);
		};
/* End PBXProject section */

/* Begin PBXSourcesBuildPhase section */
		045DD02529AD9E7000801084 /* Sources */ = {
			isa = PBXSourcesBuildPhase;
			buildActionMask = 2147483647;
			files = (
				043AE5B729DF897900D4F0D4 /* Shop.swift in Sources */,
				043AE5B529DF897000D4F0D4 /* Cafetaria.swift in Sources */,
				043AE5BB29DF898B00D4F0D4 /* Order.swift in Sources */,
				045DD02D29AD9E7000801084 /* main.swift in Sources */,
				043AE5B929DF898100D4F0D4 /* Cart.swift in Sources */,
			);
			runOnlyForDeploymentPostprocessing = 0;
		};
/* End PBXSourcesBuildPhase section */

/* Begin XCBuildConfiguration section */
		045DD02E29AD9E7000801084 /* Debug */ = {
			isa = XCBuildConfiguration;
			buildSettings = {
				ALWAYS_SEARCH_USER_PATHS = NO;
				CLANG_ANALYZER_NONNULL = YES;
				CLANG_ANALYZER_NUMBER_OBJECT_CONVERSION = YES_AGGRESSIVE;
				CLANG_CXX_LANGUAGE_STANDARD = "gnu++20";
				CLANG_ENABLE_MODULES = YES;
				CLANG_ENABLE_OBJC_ARC = YES;
				CLANG_ENABLE_OBJC_WEAK = YES;
				CLANG_WARN_BLOCK_CAPTURE_AUTORELEASING = YES;
				CLANG_WARN_BOOL_CONVERSION = YES;
				CLANG_WARN_COMMA = YES;
				CLANG_WARN_CONSTANT_CONVERSION = YES;
				CLANG_WARN_DEPRECATED_OBJC_IMPLEMENTATIONS = YES;
				CLANG_WARN_DIRECT_OBJC_ISA_USAGE = YES_ERROR;
				CLANG_WARN_DOCUMENTATION_COMMENTS = YES;
				CLANG_WARN_EMPTY_BODY = YES;
				CLANG_WARN_ENUM_CONVERSION = YES;
				CLANG_WARN_INFINITE_RECURSION = YES;
				CLANG_WARN_INT_CONVERSION = YES;
				CLANG_WARN_NON_LITERAL_NULL_CONVERSION = YES;
				CLANG_WARN_OBJC_IMPLICIT_RETAIN_SELF = YES;
				CLANG_WARN_OBJC_LITERAL_CONVERSION = YES;
				CLANG_WARN_OBJC_ROOT_CLASS = YES_ERROR;
				CLANG_WARN_QUOTED_INCLUDE_IN_FRAMEWORK_HEADER = YES;
				CLANG_WARN_RANGE_LOOP_ANALYSIS = YES;
				CLANG_WARN_STRICT_PROTOTYPES = YES;
				CLANG_WARN_SUSPICIOUS_MOVE = YES;
				CLANG_WARN_UNGUARDED_AVAILABILITY = YES_AGGRESSIVE;
				CLANG_WARN_UNREACHABLE_CODE = YES;
				CLANG_WARN__DUPLICATE_METHOD_MATCH = YES;
				COPY_PHASE_STRIP = NO;
				DEBUG_INFORMATION_FORMAT = dwarf;
				ENABLE_STRICT_OBJC_MSGSEND = YES;
				ENABLE_TESTABILITY = YES;
				GCC_C_LANGUAGE_STANDARD = gnu11;
				GCC_DYNAMIC_NO_PIC = NO;
				GCC_NO_COMMON_BLOCKS = YES;
				GCC_OPTIMIZATION_LEVEL = 0;
				GCC_PREPROCESSOR_DEFINITIONS = (
					"DEBUG=1",
					"$(inherited)",
				);
				GCC_WARN_64_TO_32_BIT_CONVERSION = YES;
				GCC_WARN_ABOUT_RETURN_TYPE = YES_ERROR;
				GCC_WARN_UNDECLARED_SELECTOR = YES;
				GCC_WARN_UNINITIALIZED_AUTOS = YES_AGGRESSIVE;
				GCC_WARN_UNUSED_FUNCTION = YES;
				GCC_WARN_UNUSED_VARIABLE = YES;
				MACOSX_DEPLOYMENT_TARGET = 13.1;
				MTL_ENABLE_DEBUG_INFO = INCLUDE_SOURCE;
				MTL_FAST_MATH = YES;
				ONLY_ACTIVE_ARCH = YES;
				SDKROOT = macosx;
				SWIFT_ACTIVE_COMPILATION_CONDITIONS = DEBUG;
				SWIFT_OPTIMIZATION_LEVEL = "-Onone";
			};
			name = Debug;
		};
		045DD02F29AD9E7000801084 /* Release */ = {
			isa = XCBuildConfiguration;
			buildSettings = {
				ALWAYS_SEARCH_USER_PATHS = NO;
				CLANG_ANALYZER_NONNULL = YES;
				CLANG_ANALYZER_NUMBER_OBJECT_CONVERSION = YES_AGGRESSIVE;
				CLANG_CXX_LANGUAGE_STANDARD = "gnu++20";
				CLANG_ENABLE_MODULES = YES;
				CLANG_ENABLE_OBJC_ARC = YES;
				CLANG_ENABLE_OBJC_WEAK = YES;
				CLANG_WARN_BLOCK_CAPTURE_AUTORELEASING = YES;
				CLANG_WARN_BOOL_CONVERSION = YES;
				CLANG_WARN_COMMA = YES;
				CLANG_WARN_CONSTANT_CONVERSION = YES;
				CLANG_WARN_DEPRECATED_OBJC_IMPLEMENTATIONS = YES;
				CLANG_WARN_DIRECT_OBJC_ISA_USAGE = YES_ERROR;
				CLANG_WARN_DOCUMENTATION_COMMENTS = YES;
				CLANG_WARN_EMPTY_BODY = YES;
				CLANG_WARN_ENUM_CONVERSION = YES;
				CLANG_WARN_INFINITE_RECURSION = YES;
				CLANG_WARN_INT_CONVERSION = YES;
				CLANG_WARN_NON_LITERAL_NULL_CONVERSION = YES;
				CLANG_WARN_OBJC_IMPLICIT_RETAIN_SELF = YES;
				CLANG_WARN_OBJC_LITERAL_CONVERSION = YES;
				CLANG_WARN_OBJC_ROOT_CLASS = YES_ERROR;
				CLANG_WARN_QUOTED_INCLUDE_IN_FRAMEWORK_HEADER = YES;
				CLANG_WARN_RANGE_LOOP_ANALYSIS = YES;
				CLANG_WARN_STRICT_PROTOTYPES = YES;
				CLANG_WARN_SUSPICIOUS_MOVE = YES;
				CLANG_WARN_UNGUARDED_AVAILABILITY = YES_AGGRESSIVE;
				CLANG_WARN_UNREACHABLE_CODE = YES;
				CLANG_WARN__DUPLICATE_METHOD_MATCH = YES;
				COPY_PHASE_STRIP = NO;
				DEBUG_INFORMATION_FORMAT = "dwarf-with-dsym";
				ENABLE_NS_ASSERTIONS = NO;
				ENABLE_STRICT_OBJC_MSGSEND = YES;
				GCC_C_LANGUAGE_STANDARD = gnu11;
				GCC_NO_COMMON_BLOCKS = YES;
				GCC_WARN_64_TO_32_BIT_CONVERSION = YES;
				GCC_WARN_ABOUT_RETURN_TYPE = YES_ERROR;
				GCC_WARN_UNDECLARED_SELECTOR = YES;
				GCC_WARN_UNINITIALIZED_AUTOS = YES_AGGRESSIVE;
				GCC_WARN_UNUSED_FUNCTION = YES;
				GCC_WARN_UNUSED_VARIABLE = YES;
				MACOSX_DEPLOYMENT_TARGET = 13.1;
				MTL_ENABLE_DEBUG_INFO = NO;
				MTL_FAST_MATH = YES;
				SDKROOT = macosx;
				SWIFT_COMPILATION_MODE = wholemodule;
				SWIFT_OPTIMIZATION_LEVEL = "-O";
			};
			name = Release;
		};
		045DD03129AD9E7000801084 /* Debug */ = {
			isa = XCBuildConfiguration;
			buildSettings = {
				CODE_SIGN_STYLE = Automatic;
				DEVELOPMENT_TEAM = J2KB3M7382;
				ENABLE_HARDENED_RUNTIME = YES;
				PRODUCT_NAME = "$(TARGET_NAME)";
				SWIFT_VERSION = 5.0;
			};
			name = Debug;
		};
		045DD03229AD9E7000801084 /* Release */ = {
			isa = XCBuildConfiguration;
			buildSettings = {
				CODE_SIGN_STYLE = Automatic;
				DEVELOPMENT_TEAM = J2KB3M7382;
				ENABLE_HARDENED_RUNTIME = YES;
				PRODUCT_NAME = "$(TARGET_NAME)";
				SWIFT_VERSION = 5.0;
			};
			name = Release;
		};
/* End XCBuildConfiguration section */

/* Begin XCConfigurationList section */
		045DD02429AD9E7000801084 /* Build configuration list for PBXProject "0706012110057-Kathlyne-AFL1" */ = {
			isa = XCConfigurationList;
			buildConfigurations = (
				045DD02E29AD9E7000801084 /* Debug */,
				045DD02F29AD9E7000801084 /* Release */,
			);
			defaultConfigurationIsVisible = 0;
			defaultConfigurationName = Release;
		};
		045DD03029AD9E7000801084 /* Build configuration list for PBXNativeTarget "0706012110057-Kathlyne-AFL1" */ = {
			isa = XCConfigurationList;
			buildConfigurations = (
				045DD03129AD9E7000801084 /* Debug */,
				045DD03229AD9E7000801084 /* Release */,
			);
			defaultConfigurationIsVisible = 0;
			defaultConfigurationName = Release;
		};
/* End XCConfigurationList section */
	};
	rootObject = 045DD02129AD9E7000801084 /* Project object */;
}
